
Microsoft Visual Studio Solution File, Format Version 12.00
# Visual Studio 15
VisualStudioVersion = 15.0.28307.1267
MinimumVisualStudioVersion = 10.0.40219.1
Project("{FAE04EC0-301F-11D3-BF4B-00C04F79EFBC}") = "web-payrolls", "web-payrolls\web-payrolls.csproj", "{C5F56E33-0FA9-4EC3-BACD-24025B211960}"
EndProject
Global
	GlobalSection(SolutionConfigurationPlatforms) = preSolution
		Debug|Any CPU = Debug|Any CPU
		Release|Any CPU = Release|Any CPU
	EndGlobalSection
	GlobalSection(ProjectConfigurationPlatforms) = postSolution
		{C5F56E33-0FA9-4EC3-BACD-24025B211960}.Debug|Any CPU.ActiveCfg = Debug|Any CPU
		{C5F56E33-0FA9-4EC3-BACD-24025B211960}.Debug|Any CPU.Build.0 = Debug|Any CPU
		{C5F56E33-0FA9-4EC3-BACD-24025B211960}.Release|Any CPU.ActiveCfg = Release|Any CPU
		{C5F56E33-0FA9-4EC3-BACD-24025B211960}.Release|Any CPU.Build.0 = Release|Any CPU
	EndGlobalSection
	GlobalSection(SolutionProperties) = preSolution
		HideSolutionNode = FALSE
	EndGlobalSection
	GlobalSection(ExtensibilityGlobals) = postSolution
		SolutionGuid = {12EC1303-F200-4A3D-BF7F-3829369B14B2}
	EndGlobalSection
EndGlobal
